
Microsoft Visual Studio Solution File, Format Version 12.00
# Visual Studio Version 17
VisualStudioVersion = 17.5.33424.131
MinimumVisualStudioVersion = 10.0.40219.1
Project("{9A19103F-16F7-4668-BE54-9A1E7A4F7556}") = "HttpFunctionApp", "HttpFunctionApp\HttpFunctionApp.csproj", "{7860389D-FDB4-4CE1-8C59-207969FF755B}"
EndProject
Project("{9A19103F-16F7-4668-BE54-9A1E7A4F7556}") = "ListenEventGrid", "EventGridFunctionApp\ListenEventGrid.csproj", "{3A13A70C-308F-4D65-B329-B6F897757FAC}"
EndProject
Global
	GlobalSection(SolutionConfigurationPlatforms) = preSolution
		Debug|Any CPU = Debug|Any CPU
		Release|Any CPU = Release|Any CPU
	EndGlobalSection
	GlobalSection(ProjectConfigurationPlatforms) = postSolution
		{7860389D-FDB4-4CE1-8C59-207969FF755B}.Debug|Any CPU.ActiveCfg = Debug|Any CPU
		{7860389D-FDB4-4CE1-8C59-207969FF755B}.Debug|Any CPU.Build.0 = Debug|Any CPU
		{7860389D-FDB4-4CE1-8C59-207969FF755B}.Release|Any CPU.ActiveCfg = Release|Any CPU
		{7860389D-FDB4-4CE1-8C59-207969FF755B}.Release|Any CPU.Build.0 = Release|Any CPU
		{3A13A70C-308F-4D65-B329-B6F897757FAC}.Debug|Any CPU.ActiveCfg = Debug|Any CPU
		{3A13A70C-308F-4D65-B329-B6F897757FAC}.Debug|Any CPU.Build.0 = Debug|Any CPU
		{3A13A70C-308F-4D65-B329-B6F897757FAC}.Release|Any CPU.ActiveCfg = Release|Any CPU
		{3A13A70C-308F-4D65-B329-B6F897757FAC}.Release|Any CPU.Build.0 = Release|Any CPU
	EndGlobalSection
	GlobalSection(SolutionProperties) = preSolution
		HideSolutionNode = FALSE
	EndGlobalSection
	GlobalSection(ExtensibilityGlobals) = postSolution
		SolutionGuid = {DCCAD77A-9549-4376-A7E4-AB0E70887B80}
	EndGlobalSection
EndGlobal
